// !$*UTF8*$!
{
	archiveVersion = 1;
	classes = {
	};
	objectVersion = 55;
	objects = {

/* Begin PBXBuildFile section */
		840B8EA828201E9600C631E2 /* ARViewModel.swift in Sources */ = {isa = PBXBuildFile; fileRef = 840B8EA728201E9600C631E2 /* ARViewModel.swift */; };
		8432B5622835076E0042D3B0 /* book.usdz in Resources */ = {isa = PBXBuildFile; fileRef = 8432B5612835076E0042D3B0 /* book.usdz */; };
		8432B56428350B230042D3B0 /* TableArticle.swift in Sources */ = {isa = PBXBuildFile; fileRef = 8432B56328350B230042D3B0 /* TableArticle.swift */; };
		8432B56928352CA10042D3B0 /* AddEntityList.swift in Sources */ = {isa = PBXBuildFile; fileRef = 8432B56828352CA10042D3B0 /* AddEntityList.swift */; };
		8439C69C281EC640009EB9A5 /* AppDelegate.swift in Sources */ = {isa = PBXBuildFile; fileRef = 8439C69B281EC640009EB9A5 /* AppDelegate.swift */; };
		8439C69E281EC640009EB9A5 /* ContentView.swift in Sources */ = {isa = PBXBuildFile; fileRef = 8439C69D281EC640009EB9A5 /* ContentView.swift */; };
		8439C6A0281EC640009EB9A5 /* Experience.rcproject in Sources */ = {isa = PBXBuildFile; fileRef = 8439C69F281EC640009EB9A5 /* Experience.rcproject */; };
		8439C6A5281EC643009EB9A5 /* Preview Assets.xcassets in Resources */ = {isa = PBXBuildFile; fileRef = 8439C6A4281EC643009EB9A5 /* Preview Assets.xcassets */; };
		8441E9AA2837ED0300E8287F /* info.plist in Resources */ = {isa = PBXBuildFile; fileRef = 8441E9A92837ED0300E8287F /* info.plist */; };
		846202DF283534A0007997A4 /* stapler.usdz in Resources */ = {isa = PBXBuildFile; fileRef = 846202DE283534A0007997A4 /* stapler.usdz */; };
		846202E1283534AA007997A4 /* envelope.usdz in Resources */ = {isa = PBXBuildFile; fileRef = 846202E0283534AA007997A4 /* envelope.usdz */; };
		846202E3283535CA007997A4 /* box.usdz in Resources */ = {isa = PBXBuildFile; fileRef = 846202E2283535CA007997A4 /* box.usdz */; };
		846202E5283537CE007997A4 /* apple.usdz in Resources */ = {isa = PBXBuildFile; fileRef = 846202E4283537CE007997A4 /* apple.usdz */; };
		846202E7283539F4007997A4 /* pencil.usdz in Resources */ = {isa = PBXBuildFile; fileRef = 846202E6283539F4007997A4 /* pencil.usdz */; };
		84AF6F54282AC50D0075D0B4 /* Assets.xcassets in Resources */ = {isa = PBXBuildFile; fileRef = 84AF6F53282AC50D0075D0B4 /* Assets.xcassets */; };
		84F277712835405E005D0B74 /* TableArticleData.swift in Sources */ = {isa = PBXBuildFile; fileRef = 84F277702835405E005D0B74 /* TableArticleData.swift */; };
/* End PBXBuildFile section */

/* Begin PBXFileReference section */
		840B8EA728201E9600C631E2 /* ARViewModel.swift */ = {isa = PBXFileReference; lastKnownFileType = sourcecode.swift; path = ARViewModel.swift; sourceTree = "<group>"; };
		8432B5612835076E0042D3B0 /* book.usdz */ = {isa = PBXFileReference; lastKnownFileType = file.usdz; path = book.usdz; sourceTree = "<group>"; };
		8432B56328350B230042D3B0 /* TableArticle.swift */ = {isa = PBXFileReference; lastKnownFileType = sourcecode.swift; path = TableArticle.swift; sourceTree = "<group>"; };
		8432B56828352CA10042D3B0 /* AddEntityList.swift */ = {isa = PBXFileReference; lastKnownFileType = sourcecode.swift; path = AddEntityList.swift; sourceTree = "<group>"; };
		8432B56B28352CD20042D3B0 /* cup.usdz */ = {isa = PBXFileReference; lastKnownFileType = file.usdz; path = cup.usdz; sourceTree = "<group>"; };
		8439C698281EC640009EB9A5 /* DesktopDesign.app */ = {isa = PBXFileReference; explicitFileType = wrapper.application; includeInIndex = 0; path = DesktopDesign.app; sourceTree = BUILT_PRODUCTS_DIR; };
		8439C69B281EC640009EB9A5 /* AppDelegate.swift */ = {isa = PBXFileReference; lastKnownFileType = sourcecode.swift; path = AppDelegate.swift; sourceTree = "<group>"; };
		8439C69D281EC640009EB9A5 /* ContentView.swift */ = {isa = PBXFileReference; lastKnownFileType = sourcecode.swift; path = ContentView.swift; sourceTree = "<group>"; };
		8439C69F281EC640009EB9A5 /* Experience.rcproject */ = {isa = PBXFileReference; lastKnownFileType = file.rcproject; path = Experience.rcproject; sourceTree = "<group>"; };
		8439C6A4281EC643009EB9A5 /* Preview Assets.xcassets */ = {isa = PBXFileReference; lastKnownFileType = folder.assetcatalog; path = "Preview Assets.xcassets"; sourceTree = "<group>"; };
		8441E9A92837ED0300E8287F /* info.plist */ = {isa = PBXFileReference; lastKnownFileType = text.plist.xml; path = info.plist; sourceTree = "<group>"; };
		846202DE283534A0007997A4 /* stapler.usdz */ = {isa = PBXFileReference; lastKnownFileType = file.usdz; path = stapler.usdz; sourceTree = "<group>"; };
		846202E0283534AA007997A4 /* envelope.usdz */ = {isa = PBXFileReference; lastKnownFileType = file.usdz; path = envelope.usdz; sourceTree = "<group>"; };
		846202E2283535CA007997A4 /* box.usdz */ = {isa = PBXFileReference; lastKnownFileType = file.usdz; path = box.usdz; sourceTree = "<group>"; };
		846202E4283537CE007997A4 /* apple.usdz */ = {isa = PBXFileReference; lastKnownFileType = file.usdz; path = apple.usdz; sourceTree = "<group>"; };
		846202E6283539F4007997A4 /* pencil.usdz */ = {isa = PBXFileReference; lastKnownFileType = file.usdz; path = pencil.usdz; sourceTree = "<group>"; };
		84AF6F53282AC50D0075D0B4 /* Assets.xcassets */ = {isa = PBXFileReference; lastKnownFileType = folder.assetcatalog; path = Assets.xcassets; sourceTree = "<group>"; };
		84F277702835405E005D0B74 /* TableArticleData.swift */ = {isa = PBXFileReference; lastKnownFileType = sourcecode.swift; path = TableArticleData.swift; sourceTree = "<group>"; };
/* End PBXFileReference section */

/* Begin PBXFrameworksBuildPhase section */
		8439C695281EC640009EB9A5 /* Frameworks */ = {
			isa = PBXFrameworksBuildPhase;
			buildActionMask = 2147483647;
			files = (
			);
			runOnlyForDeploymentPostprocessing = 0;
		};
/* End PBXFrameworksBuildPhase section */

/* Begin PBXGroup section */
		8432B56A28352CC40042D3B0 /* Resource */ = {
			isa = PBXGroup;
			children = (
				8432B56B28352CD20042D3B0 /* cup.usdz */,
				8432B5612835076E0042D3B0 /* book.usdz */,
				846202DE283534A0007997A4 /* stapler.usdz */,
				846202E0283534AA007997A4 /* envelope.usdz */,
				846202E2283535CA007997A4 /* box.usdz */,
				846202E4283537CE007997A4 /* apple.usdz */,
				846202E6283539F4007997A4 /* pencil.usdz */,
			);
			path = Resource;
			sourceTree = "<group>";
		};
		8439C68F281EC640009EB9A5 = {
			isa = PBXGroup;
			children = (
				8441E9AB2837ED1600E8287F /* ARproject */,
				8439C69A281EC640009EB9A5 /* DesktopDesign */,
				8439C699281EC640009EB9A5 /* Products */,
			);
			sourceTree = "<group>";
		};
		8439C699281EC640009EB9A5 /* Products */ = {
			isa = PBXGroup;
			children = (
				8439C698281EC640009EB9A5 /* DesktopDesign.app */,
			);
			name = Products;
			sourceTree = "<group>";
		};
		8439C69A281EC640009EB9A5 /* DesktopDesign */ = {
			isa = PBXGroup;
			children = (
				8441E9A92837ED0300E8287F /* info.plist */,
				8432B56A28352CC40042D3B0 /* Resource */,
				84B9C363282FE44000BA01D9 /* Data */,
				84B9C362282FE43700BA01D9 /* Model */,
				84B9C361282FE42D00BA01D9 /* View */,
				84B9C360282FE42800BA01D9 /* App */,
				8439C69F281EC640009EB9A5 /* Experience.rcproject */,
				84AF6F53282AC50D0075D0B4 /* Assets.xcassets */,
				8439C6A3281EC643009EB9A5 /* Preview Content */,
			);
			path = DesktopDesign;
			sourceTree = "<group>";
		};
		8439C6A3281EC643009EB9A5 /* Preview Content */ = {
			isa = PBXGroup;
			children = (
				8439C6A4281EC643009EB9A5 /* Preview Assets.xcassets */,
			);
			path = "Preview Content";
			sourceTree = "<group>";
		};
		8441E9AB2837ED1600E8287F /* ARproject */ = {
			isa = PBXGroup;
			children = (
			);
			path = ARproject;
			sourceTree = "<group>";
		};
		84B9C360282FE42800BA01D9 /* App */ = {
			isa = PBXGroup;
			children = (
				8439C69D281EC640009EB9A5 /* ContentView.swift */,
				8439C69B281EC640009EB9A5 /* AppDelegate.swift */,
			);
			path = App;
			sourceTree = "<group>";
		};
		84B9C361282FE42D00BA01D9 /* View */ = {
			isa = PBXGroup;
			children = (
				8432B56828352CA10042D3B0 /* AddEntityList.swift */,
			);
			path = View;
			sourceTree = "<group>";
		};
		84B9C362282FE43700BA01D9 /* Model */ = {
			isa = PBXGroup;
			children = (
				840B8EA728201E9600C631E2 /* ARViewModel.swift */,
				8432B56328350B230042D3B0 /* TableArticle.swift */,
			);
			path = Model;
			sourceTree = "<group>";
		};
		84B9C363282FE44000BA01D9 /* Data */ = {
			isa = PBXGroup;
			children = (
				84F277702835405E005D0B74 /* TableArticleData.swift */,
			);
			path = Data;
			sourceTree = "<group>";
		};
/* End PBXGroup section */

/* Begin PBXNativeTarget section */
		8439C697281EC640009EB9A5 /* DesktopDesign */ = {
			isa = PBXNativeTarget;
			buildConfigurationList = 8439C6A8281EC643009EB9A5 /* Build configuration list for PBXNativeTarget "DesktopDesign" */;
			buildPhases = (
				8439C694281EC640009EB9A5 /* Sources */,
				8439C695281EC640009EB9A5 /* Frameworks */,
				8439C696281EC640009EB9A5 /* Resources */,
			);
			buildRules = (
			);
			dependencies = (
			);
			name = DesktopDesign;
			productName = ARproject;
			productReference = 8439C698281EC640009EB9A5 /* DesktopDesign.app */;
			productType = "com.apple.product-type.application";
		};
/* End PBXNativeTarget section */

/* Begin PBXProject section */
		8439C690281EC640009EB9A5 /* Project object */ = {
			isa = PBXProject;
			attributes = {
				BuildIndependentTargetsInParallel = 1;
				LastSwiftUpdateCheck = 1330;
				LastUpgradeCheck = 1330;
				TargetAttributes = {
					8439C697281EC640009EB9A5 = {
						CreatedOnToolsVersion = 13.3;
					};
				};
			};
			buildConfigurationList = 8439C693281EC640009EB9A5 /* Build configuration list for PBXProject "DesktopDesign" */;
			compatibilityVersion = "Xcode 13.0";
			developmentRegion = en;
			hasScannedForEncodings = 0;
			knownRegions = (
				en,
				Base,
			);
			mainGroup = 8439C68F281EC640009EB9A5;
			productRefGroup = 8439C699281EC640009EB9A5 /* Products */;
			projectDirPath = "";
			projectRoot = "";
			targets = (
				8439C697281EC640009EB9A5 /* DesktopDesign */,
			);
		};
/* End PBXProject section */

/* Begin PBXResourcesBuildPhase section */
		8439C696281EC640009EB9A5 /* Resources */ = {
			isa = PBXResourcesBuildPhase;
			buildActionMask = 2147483647;
			files = (
				8432B5622835076E0042D3B0 /* book.usdz in Resources */,
				846202E1283534AA007997A4 /* envelope.usdz in Resources */,
				8441E9AA2837ED0300E8287F /* info.plist in Resources */,
				846202E7283539F4007997A4 /* pencil.usdz in Resources */,
				8439C6A5281EC643009EB9A5 /* Preview Assets.xcassets in Resources */,
				84AF6F54282AC50D0075D0B4 /* Assets.xcassets in Resources */,
				846202DF283534A0007997A4 /* stapler.usdz in Resources */,
				846202E5283537CE007997A4 /* apple.usdz in Resources */,
				846202E3283535CA007997A4 /* box.usdz in Resources */,
			);
			runOnlyForDeploymentPostprocessing = 0;
		};
/* End PBXResourcesBuildPhase section */

/* Begin PBXSourcesBuildPhase section */
		8439C694281EC640009EB9A5 /* Sources */ = {
			isa = PBXSourcesBuildPhase;
			buildActionMask = 2147483647;
			files = (
				8432B56928352CA10042D3B0 /* AddEntityList.swift in Sources */,
				84F277712835405E005D0B74 /* TableArticleData.swift in Sources */,
				8439C69E281EC640009EB9A5 /* ContentView.swift in Sources */,
				8439C69C281EC640009EB9A5 /* AppDelegate.swift in Sources */,
				8432B56428350B230042D3B0 /* TableArticle.swift in Sources */,
				8439C6A0281EC640009EB9A5 /* Experience.rcproject in Sources */,
				840B8EA828201E9600C631E2 /* ARViewModel.swift in Sources */,
			);
			runOnlyForDeploymentPostprocessing = 0;
		};
/* End PBXSourcesBuildPhase section */

/* Begin XCBuildConfiguration section */
		8439C6A6281EC643009EB9A5 /* Debug */ = {
			isa = XCBuildConfiguration;
			buildSettings = {
				ALWAYS_SEARCH_USER_PATHS = NO;
				CLANG_ANALYZER_NONNULL = YES;
				CLANG_ANALYZER_NUMBER_OBJECT_CONVERSION = YES_AGGRESSIVE;
				CLANG_CXX_LANGUAGE_STANDARD = "gnu++17";
				CLANG_ENABLE_MODULES = YES;
				CLANG_ENABLE_OBJC_ARC = YES;
				CLANG_ENABLE_OBJC_WEAK = YES;
				CLANG_WARN_BLOCK_CAPTURE_AUTORELEASING = YES;
				CLANG_WARN_BOOL_CONVERSION = YES;
				CLANG_WARN_COMMA = YES;
				CLANG_WARN_CONSTANT_CONVERSION = YES;
				CLANG_WARN_DEPRECATED_OBJC_IMPLEMENTATIONS = YES;
				CLANG_WARN_DIRECT_OBJC_ISA_USAGE = YES_ERROR;
				CLANG_WARN_DOCUMENTATION_COMMENTS = YES;
				CLANG_WARN_EMPTY_BODY = YES;
				CLANG_WARN_ENUM_CONVERSION = YES;
				CLANG_WARN_INFINITE_RECURSION = YES;
				CLANG_WARN_INT_CONVERSION = YES;
				CLANG_WARN_NON_LITERAL_NULL_CONVERSION = YES;
				CLANG_WARN_OBJC_IMPLICIT_RETAIN_SELF = YES;
				CLANG_WARN_OBJC_LITERAL_CONVERSION = YES;
				CLANG_WARN_OBJC_ROOT_CLASS = YES_ERROR;
				CLANG_WARN_QUOTED_INCLUDE_IN_FRAMEWORK_HEADER = YES;
				CLANG_WARN_RANGE_LOOP_ANALYSIS = YES;
				CLANG_WARN_STRICT_PROTOTYPES = YES;
				CLANG_WARN_SUSPICIOUS_MOVE = YES;
				CLANG_WARN_UNGUARDED_AVAILABILITY = YES_AGGRESSIVE;
				CLANG_WARN_UNREACHABLE_CODE = YES;
				CLANG_WARN__DUPLICATE_METHOD_MATCH = YES;
				COPY_PHASE_STRIP = NO;
				DEBUG_INFORMATION_FORMAT = dwarf;
				ENABLE_STRICT_OBJC_MSGSEND = YES;
				ENABLE_TESTABILITY = YES;
				GCC_C_LANGUAGE_STANDARD = gnu11;
				GCC_DYNAMIC_NO_PIC = NO;
				GCC_NO_COMMON_BLOCKS = YES;
				GCC_OPTIMIZATION_LEVEL = 0;
				GCC_PREPROCESSOR_DEFINITIONS = (
					"DEBUG=1",
					"$(inherited)",
				);
				GCC_WARN_64_TO_32_BIT_CONVERSION = YES;
				GCC_WARN_ABOUT_RETURN_TYPE = YES_ERROR;
				GCC_WARN_UNDECLARED_SELECTOR = YES;
				GCC_WARN_UNINITIALIZED_AUTOS = YES_AGGRESSIVE;
				GCC_WARN_UNUSED_FUNCTION = YES;
				GCC_WARN_UNUSED_VARIABLE = YES;
				IPHONEOS_DEPLOYMENT_TARGET = 15.4;
				MTL_ENABLE_DEBUG_INFO = INCLUDE_SOURCE;
				MTL_FAST_MATH = YES;
				ONLY_ACTIVE_ARCH = YES;
				SDKROOT = iphoneos;
				SWIFT_ACTIVE_COMPILATION_CONDITIONS = DEBUG;
				SWIFT_OPTIMIZATION_LEVEL = "-Onone";
			};
			name = Debug;
		};
		8439C6A7281EC643009EB9A5 /* Release */ = {
			isa = XCBuildConfiguration;
			buildSettings = {
				ALWAYS_SEARCH_USER_PATHS = NO;
				CLANG_ANALYZER_NONNULL = YES;
				CLANG_ANALYZER_NUMBER_OBJECT_CONVERSION = YES_AGGRESSIVE;
				CLANG_CXX_LANGUAGE_STANDARD = "gnu++17";
				CLANG_ENABLE_MODULES = YES;
				CLANG_ENABLE_OBJC_ARC = YES;
				CLANG_ENABLE_OBJC_WEAK = YES;
				CLANG_WARN_BLOCK_CAPTURE_AUTORELEASING = YES;
				CLANG_WARN_BOOL_CONVERSION = YES;
				CLANG_WARN_COMMA = YES;
				CLANG_WARN_CONSTANT_CONVERSION = YES;
				CLANG_WARN_DEPRECATED_OBJC_IMPLEMENTATIONS = YES;
				CLANG_WARN_DIRECT_OBJC_ISA_USAGE = YES_ERROR;
				CLANG_WARN_DOCUMENTATION_COMMENTS = YES;
				CLANG_WARN_EMPTY_BODY = YES;
				CLANG_WARN_ENUM_CONVERSION = YES;
				CLANG_WARN_INFINITE_RECURSION = YES;
				CLANG_WARN_INT_CONVERSION = YES;
				CLANG_WARN_NON_LITERAL_NULL_CONVERSION = YES;
				CLANG_WARN_OBJC_IMPLICIT_RETAIN_SELF = YES;
				CLANG_WARN_OBJC_LITERAL_CONVERSION = YES;
				CLANG_WARN_OBJC_ROOT_CLASS = YES_ERROR;
				CLANG_WARN_QUOTED_INCLUDE_IN_FRAMEWORK_HEADER = YES;
				CLANG_WARN_RANGE_LOOP_ANALYSIS = YES;
				CLANG_WARN_STRICT_PROTOTYPES = YES;
				CLANG_WARN_SUSPICIOUS_MOVE = YES;
				CLANG_WARN_UNGUARDED_AVAILABILITY = YES_AGGRESSIVE;
				CLANG_WARN_UNREACHABLE_CODE = YES;
				CLANG_WARN__DUPLICATE_METHOD_MATCH = YES;
				COPY_PHASE_STRIP = NO;
				DEBUG_INFORMATION_FORMAT = "dwarf-with-dsym";
				ENABLE_NS_ASSERTIONS = NO;
				ENABLE_STRICT_OBJC_MSGSEND = YES;
				GCC_C_LANGUAGE_STANDARD = gnu11;
				GCC_NO_COMMON_BLOCKS = YES;
				GCC_WARN_64_TO_32_BIT_CONVERSION = YES;
				GCC_WARN_ABOUT_RETURN_TYPE = YES_ERROR;
				GCC_WARN_UNDECLARED_SELECTOR = YES;
				GCC_WARN_UNINITIALIZED_AUTOS = YES_AGGRESSIVE;
				GCC_WARN_UNUSED_FUNCTION = YES;
				GCC_WARN_UNUSED_VARIABLE = YES;
				IPHONEOS_DEPLOYMENT_TARGET = 15.4;
				MTL_ENABLE_DEBUG_INFO = NO;
				MTL_FAST_MATH = YES;
				SDKROOT = iphoneos;
				SWIFT_COMPILATION_MODE = wholemodule;
				SWIFT_OPTIMIZATION_LEVEL = "-O";
				VALIDATE_PRODUCT = YES;
			};
			name = Release;
		};
		8439C6A9281EC643009EB9A5 /* Debug */ = {
			isa = XCBuildConfiguration;
			buildSettings = {
				ASSETCATALOG_COMPILER_APPICON_NAME = AppIcon;
				ASSETCATALOG_COMPILER_GLOBAL_ACCENT_COLOR_NAME = AccentColor;
				CODE_SIGN_STYLE = Automatic;
				CURRENT_PROJECT_VERSION = 1;
				DEVELOPMENT_ASSET_PATHS = "\"DesktopDesign/Preview Content\"";
				DEVELOPMENT_TEAM = RCZUH744DX;
				ENABLE_PREVIEWS = YES;
				GENERATE_INFOPLIST_FILE = YES;
				INFOPLIST_FILE = ARproject/Info.plist;
				INFOPLIST_KEY_LSApplicationCategoryType = "";
				INFOPLIST_KEY_NSCameraUsageDescription = "";
				INFOPLIST_KEY_UIApplicationSupportsIndirectInputEvents = YES;
				INFOPLIST_KEY_UIRequiredDeviceCapabilities = arkit;
				INFOPLIST_KEY_UIStatusBarHidden = YES;
				INFOPLIST_KEY_UISupportedInterfaceOrientations_iPad = "UIInterfaceOrientationPortrait UIInterfaceOrientationPortraitUpsideDown UIInterfaceOrientationLandscapeLeft UIInterfaceOrientationLandscapeRight";
				INFOPLIST_KEY_UISupportedInterfaceOrientations_iPhone = "UIInterfaceOrientationPortrait UIInterfaceOrientationLandscapeLeft UIInterfaceOrientationLandscapeRight";
				LD_RUNPATH_SEARCH_PATHS = (
					"$(inherited)",
					"@executable_path/Frameworks",
				);
				MARKETING_VERSION = 1.0;
				PRODUCT_BUNDLE_IDENTIFIER = com.whisper.ARproject;
				PRODUCT_NAME = "$(TARGET_NAME)";
				SWIFT_EMIT_LOC_STRINGS = YES;
				SWIFT_VERSION = 5.0;
				TARGETED_DEVICE_FAMILY = "1,2";
			};
			name = Debug;
		};
		8439C6AA281EC643009EB9A5 /* Release */ = {
			isa = XCBuildConfiguration;
			buildSettings = {
				ASSETCATALOG_COMPILER_APPICON_NAME = AppIcon;
				ASSETCATALOG_COMPILER_GLOBAL_ACCENT_COLOR_NAME = AccentColor;
				CODE_SIGN_STYLE = Automatic;
				CURRENT_PROJECT_VERSION = 1;
				DEVELOPMENT_ASSET_PATHS = "\"DesktopDesign/Preview Content\"";
				DEVELOPMENT_TEAM = RCZUH744DX;
				ENABLE_PREVIEWS = YES;
				GENERATE_INFOPLIST_FILE = YES;
				INFOPLIST_FILE = ARproject/Info.plist;
				INFOPLIST_KEY_LSApplicationCategoryType = "";
				INFOPLIST_KEY_NSCameraUsageDescription = "";
				INFOPLIST_KEY_UIApplicationSupportsIndirectInputEvents = YES;
				INFOPLIST_KEY_UIRequiredDeviceCapabilities = arkit;
				INFOPLIST_KEY_UIStatusBarHidden = YES;
				INFOPLIST_KEY_UISupportedInterfaceOrientations_iPad = "UIInterfaceOrientationPortrait UIInterfaceOrientationPortraitUpsideDown UIInterfaceOrientationLandscapeLeft UIInterfaceOrientationLandscapeRight";
				INFOPLIST_KEY_UISupportedInterfaceOrientations_iPhone = "UIInterfaceOrientationPortrait UIInterfaceOrientationLandscapeLeft UIInterfaceOrientationLandscapeRight";
				LD_RUNPATH_SEARCH_PATHS = (
					"$(inherited)",
					"@executable_path/Frameworks",
				);
				MARKETING_VERSION = 1.0;
				PRODUCT_BUNDLE_IDENTIFIER = com.whisper.ARproject;
				PRODUCT_NAME = "$(TARGET_NAME)";
				SWIFT_EMIT_LOC_STRINGS = YES;
				SWIFT_VERSION = 5.0;
				TARGETED_DEVICE_FAMILY = "1,2";
			};
			name = Release;
		};
/* End XCBuildConfiguration section */

/* Begin XCConfigurationList section */
		8439C693281EC640009EB9A5 /* Build configuration list for PBXProject "DesktopDesign" */ = {
			isa = XCConfigurationList;
			buildConfigurations = (
				8439C6A6281EC643009EB9A5 /* Debug */,
				8439C6A7281EC643009EB9A5 /* Release */,
			);
			defaultConfigurationIsVisible = 0;
			defaultConfigurationName = Release;
		};
		8439C6A8281EC643009EB9A5 /* Build configuration list for PBXNativeTarget "DesktopDesign" */ = {
			isa = XCConfigurationList;
			buildConfigurations = (
				8439C6A9281EC643009EB9A5 /* Debug */,
				8439C6AA281EC643009EB9A5 /* Release */,
			);
			defaultConfigurationIsVisible = 0;
			defaultConfigurationName = Release;
		};
/* End XCConfigurationList section */
	};
	rootObject = 8439C690281EC640009EB9A5 /* Project object */;
}
